
Microsoft Visual Studio Solution File, Format Version 12.00
# Visual Studio Version 16
VisualStudioVersion = 16.0.30621.155
MinimumVisualStudioVersion = 10.0.40219.1
Project("{FAE04EC0-301F-11D3-BF4B-00C04F79EFBC}") = "schoolApp", "schoolApp\schoolApp.csproj", "{7B609A0C-C114-4530-ACEE-82C807BAAB5B}"
EndProject
Global
	GlobalSection(SolutionConfigurationPlatforms) = preSolution
		Debug|Any CPU = Debug|Any CPU
		Release|Any CPU = Release|Any CPU
	EndGlobalSection
	GlobalSection(ProjectConfigurationPlatforms) = postSolution
		{7B609A0C-C114-4530-ACEE-82C807BAAB5B}.Debug|Any CPU.ActiveCfg = Debug|Any CPU
		{7B609A0C-C114-4530-ACEE-82C807BAAB5B}.Debug|Any CPU.Build.0 = Debug|Any CPU
		{7B609A0C-C114-4530-ACEE-82C807BAAB5B}.Release|Any CPU.ActiveCfg = Release|Any CPU
		{7B609A0C-C114-4530-ACEE-82C807BAAB5B}.Release|Any CPU.Build.0 = Release|Any CPU
	EndGlobalSection
	GlobalSection(SolutionProperties) = preSolution
		HideSolutionNode = FALSE
	EndGlobalSection
	GlobalSection(ExtensibilityGlobals) = postSolution
		SolutionGuid = {232BD66B-ECC6-4AC6-BA0B-F0A13D0C8B0B}
	EndGlobalSection
EndGlobal
